
Microsoft Visual Studio Solution File, Format Version 12.00
# Visual Studio Version 17
VisualStudioVersion = 17.5.33627.172
MinimumVisualStudioVersion = 10.0.40219.1
Project("{FAE04EC0-301F-11D3-BF4B-00C04F79EFBC}") = "CadastroFornecedores", "CadastroFornecedores.csproj", "{C15E714A-6FD2-4229-9C50-FD2DFF8AAF36}"
EndProject
Global
	GlobalSection(SolutionConfigurationPlatforms) = preSolution
		Debug|Any CPU = Debug|Any CPU
		Release|Any CPU = Release|Any CPU
	EndGlobalSection
	GlobalSection(ProjectConfigurationPlatforms) = postSolution
		{C15E714A-6FD2-4229-9C50-FD2DFF8AAF36}.Debug|Any CPU.ActiveCfg = Debug|Any CPU
		{C15E714A-6FD2-4229-9C50-FD2DFF8AAF36}.Debug|Any CPU.Build.0 = Debug|Any CPU
		{C15E714A-6FD2-4229-9C50-FD2DFF8AAF36}.Release|Any CPU.ActiveCfg = Release|Any CPU
		{C15E714A-6FD2-4229-9C50-FD2DFF8AAF36}.Release|Any CPU.Build.0 = Release|Any CPU
	EndGlobalSection
	GlobalSection(SolutionProperties) = preSolution
		HideSolutionNode = FALSE
	EndGlobalSection
	GlobalSection(ExtensibilityGlobals) = postSolution
		SolutionGuid = {F16B4E8D-F532-4258-8F9B-D1D2E2670778}
	EndGlobalSection
EndGlobal
